# This file is automatically @generated by Cargo.
# It is not intended for manual editing.
version = 4

[[package]]
name = "typed-path"
version = "0.12.1"
source = "registry+https://github.com/rust-lang/crates.io-index"
checksum = "e43ffa54726cdc9ea78392023ffe9fe9cf9ac779e1c6fcb0d23f9862e3879d20"

[[package]]
name = "wslpath-rs"
version = "0.2.0"
dependencies = [
 "typed-path",
]
