# This file is automatically @generated by Cargo.
# It is not intended for manual editing.
version = 4

[[package]]
name = "typed-path"
version = "0.10.0"
source = "registry+https://github.com/rust-lang/crates.io-index"
checksum = "41713888c5ccfd99979fcd1afd47b71652e331b3d4a0e19d30769e80fec76cce"

[[package]]
name = "wslpath-rs"
version = "0.2.0"
dependencies = [
 "typed-path",
]
