# This file is automatically @generated by Cargo.
# It is not intended for manual editing.
version = 4

[[package]]
name = "typed-path"
version = "0.11.0"
source = "registry+https://github.com/rust-lang/crates.io-index"
checksum = "c462d18470a2857aa657d338af5fa67170bb48bcc80a296710ce3b0802a32566"

[[package]]
name = "wslpath-rs"
version = "0.2.0"
dependencies = [
 "typed-path",
]
